
Microsoft Visual Studio Solution File, Format Version 12.00
# Visual Studio Version 17
VisualStudioVersion = 17.7.34221.43
MinimumVisualStudioVersion = 10.0.40219.1
Project("{9A19103F-16F7-4668-BE54-9A1E7A4F7556}") = "Member.Domain", "Member.Domain\Member.Domain.csproj", "{C7296FA4-FEAB-4AEB-8A53-49F3767E8259}"
EndProject
Project("{9A19103F-16F7-4668-BE54-9A1E7A4F7556}") = "Member. Application", "Member. Application\Member. Application.csproj", "{F91A97A4-0B17-42D0-82EE-DD65DB59A29C}"
	ProjectSection(ProjectDependencies) = postProject
		{C7296FA4-FEAB-4AEB-8A53-49F3767E8259} = {C7296FA4-FEAB-4AEB-8A53-49F3767E8259}
	EndProjectSection
EndProject
Project("{9A19103F-16F7-4668-BE54-9A1E7A4F7556}") = "Member. Infrastructure", "Member. Infrastructure\Member. Infrastructure.csproj", "{C45E6053-44CB-4B01-9EF3-7478092C3499}"
	ProjectSection(ProjectDependencies) = postProject
		{C7296FA4-FEAB-4AEB-8A53-49F3767E8259} = {C7296FA4-FEAB-4AEB-8A53-49F3767E8259}
		{F91A97A4-0B17-42D0-82EE-DD65DB59A29C} = {F91A97A4-0B17-42D0-82EE-DD65DB59A29C}
	EndProjectSection
EndProject
Project("{FAE04EC0-301F-11D3-BF4B-00C04F79EFBC}") = "Member.API", "Member.API\Member.API.csproj", "{D9A1852B-F7E6-4FFA-8971-F58C025C532E}"
EndProject
Global
	GlobalSection(SolutionConfigurationPlatforms) = preSolution
		Debug|Any CPU = Debug|Any CPU
		Release|Any CPU = Release|Any CPU
	EndGlobalSection
	GlobalSection(ProjectConfigurationPlatforms) = postSolution
		{C7296FA4-FEAB-4AEB-8A53-49F3767E8259}.Debug|Any CPU.ActiveCfg = Debug|Any CPU
		{C7296FA4-FEAB-4AEB-8A53-49F3767E8259}.Debug|Any CPU.Build.0 = Debug|Any CPU
		{C7296FA4-FEAB-4AEB-8A53-49F3767E8259}.Release|Any CPU.ActiveCfg = Release|Any CPU
		{C7296FA4-FEAB-4AEB-8A53-49F3767E8259}.Release|Any CPU.Build.0 = Release|Any CPU
		{F91A97A4-0B17-42D0-82EE-DD65DB59A29C}.Debug|Any CPU.ActiveCfg = Debug|Any CPU
		{F91A97A4-0B17-42D0-82EE-DD65DB59A29C}.Debug|Any CPU.Build.0 = Debug|Any CPU
		{F91A97A4-0B17-42D0-82EE-DD65DB59A29C}.Release|Any CPU.ActiveCfg = Release|Any CPU
		{F91A97A4-0B17-42D0-82EE-DD65DB59A29C}.Release|Any CPU.Build.0 = Release|Any CPU
		{C45E6053-44CB-4B01-9EF3-7478092C3499}.Debug|Any CPU.ActiveCfg = Debug|Any CPU
		{C45E6053-44CB-4B01-9EF3-7478092C3499}.Debug|Any CPU.Build.0 = Debug|Any CPU
		{C45E6053-44CB-4B01-9EF3-7478092C3499}.Release|Any CPU.ActiveCfg = Release|Any CPU
		{C45E6053-44CB-4B01-9EF3-7478092C3499}.Release|Any CPU.Build.0 = Release|Any CPU
		{D9A1852B-F7E6-4FFA-8971-F58C025C532E}.Debug|Any CPU.ActiveCfg = Debug|Any CPU
		{D9A1852B-F7E6-4FFA-8971-F58C025C532E}.Debug|Any CPU.Build.0 = Debug|Any CPU
		{D9A1852B-F7E6-4FFA-8971-F58C025C532E}.Release|Any CPU.ActiveCfg = Release|Any CPU
		{D9A1852B-F7E6-4FFA-8971-F58C025C532E}.Release|Any CPU.Build.0 = Release|Any CPU
	EndGlobalSection
	GlobalSection(SolutionProperties) = preSolution
		HideSolutionNode = FALSE
	EndGlobalSection
	GlobalSection(ExtensibilityGlobals) = postSolution
		SolutionGuid = {FFFAA1A7-1AB9-4B14-9683-0C7EB4CEEB5B}
	EndGlobalSection
EndGlobal
